
Microsoft Visual Studio Solution File, Format Version 12.00
# Visual Studio Version 17
VisualStudioVersion = 17.0.31903.59
MinimumVisualStudioVersion = 10.0.40219.1
Project("{2150E333-8FDC-42A3-9474-1A3956D46DE8}") = "test", "test", "{0C88DD14-F956-CE84-757C-A364CCF449FC}"
EndProject
Project("{FAE04EC0-301F-11D3-BF4B-00C04F79EFBC}") = "NabTeams.Api.Tests", "test\NabTeams.Api.Tests\NabTeams.Api.Tests.csproj", "{2B6DACBB-99DF-48D9-8CD1-1ED5349FCA50}"
EndProject
Project("{2150E333-8FDC-42A3-9474-1A3956D46DE8}") = "src", "src", "{827E0CD3-B72D-47B6-A68D-7590B98EB39B}"
EndProject
Project("{2150E333-8FDC-42A3-9474-1A3956D46DE8}") = "Web", "Web", "{03997797-E7F5-0643-168D-B8EA7178C2FE}"
EndProject
Project("{FAE04EC0-301F-11D3-BF4B-00C04F79EFBC}") = "NabTeams.Web", "src\Web\NabTeams.Web.csproj", "{9DCAE1E2-6BA3-412A-9BEF-A5A57A6BD8DC}"
EndProject
Project("{2150E333-8FDC-42A3-9474-1A3956D46DE8}") = "Application", "Application", "{22BAF98C-8415-17C4-B26A-D537657BC863}"
EndProject
Project("{FAE04EC0-301F-11D3-BF4B-00C04F79EFBC}") = "NabTeams.Application", "src\Application\NabTeams.Application.csproj", "{E8201549-E688-4499-AB9E-357BC111C764}"
EndProject
Project("{2150E333-8FDC-42A3-9474-1A3956D46DE8}") = "Domain", "Domain", "{8B290487-4C16-E85E-E807-F579CBE9FC4D}"
EndProject
Project("{FAE04EC0-301F-11D3-BF4B-00C04F79EFBC}") = "NabTeams.Domain", "src\Domain\NabTeams.Domain.csproj", "{8F6E81AA-F988-4778-AC53-9463C9EE52A5}"
EndProject
Project("{2150E333-8FDC-42A3-9474-1A3956D46DE8}") = "Infrastructure", "Infrastructure", "{9048EB7F-3875-A59E-E36B-5BD4C6F2A282}"
EndProject
Project("{FAE04EC0-301F-11D3-BF4B-00C04F79EFBC}") = "NabTeams.Infrastructure", "src\Infrastructure\NabTeams.Infrastructure.csproj", "{B17917A7-F3C3-49C0-A444-AF5C62B54336}"
EndProject
Global
	GlobalSection(SolutionConfigurationPlatforms) = preSolution
		Debug|Any CPU = Debug|Any CPU
		Debug|x64 = Debug|x64
		Debug|x86 = Debug|x86
		Release|Any CPU = Release|Any CPU
		Release|x64 = Release|x64
		Release|x86 = Release|x86
	EndGlobalSection
	GlobalSection(ProjectConfigurationPlatforms) = postSolution
		{2B6DACBB-99DF-48D9-8CD1-1ED5349FCA50}.Debug|Any CPU.ActiveCfg = Debug|Any CPU
		{2B6DACBB-99DF-48D9-8CD1-1ED5349FCA50}.Debug|Any CPU.Build.0 = Debug|Any CPU
		{2B6DACBB-99DF-48D9-8CD1-1ED5349FCA50}.Debug|x64.ActiveCfg = Debug|Any CPU
		{2B6DACBB-99DF-48D9-8CD1-1ED5349FCA50}.Debug|x64.Build.0 = Debug|Any CPU
		{2B6DACBB-99DF-48D9-8CD1-1ED5349FCA50}.Debug|x86.ActiveCfg = Debug|Any CPU
		{2B6DACBB-99DF-48D9-8CD1-1ED5349FCA50}.Debug|x86.Build.0 = Debug|Any CPU
		{2B6DACBB-99DF-48D9-8CD1-1ED5349FCA50}.Release|Any CPU.ActiveCfg = Release|Any CPU
		{2B6DACBB-99DF-48D9-8CD1-1ED5349FCA50}.Release|Any CPU.Build.0 = Release|Any CPU
		{2B6DACBB-99DF-48D9-8CD1-1ED5349FCA50}.Release|x64.ActiveCfg = Release|Any CPU
		{2B6DACBB-99DF-48D9-8CD1-1ED5349FCA50}.Release|x64.Build.0 = Release|Any CPU
		{2B6DACBB-99DF-48D9-8CD1-1ED5349FCA50}.Release|x86.ActiveCfg = Release|Any CPU
		{2B6DACBB-99DF-48D9-8CD1-1ED5349FCA50}.Release|x86.Build.0 = Release|Any CPU
		{9DCAE1E2-6BA3-412A-9BEF-A5A57A6BD8DC}.Debug|Any CPU.ActiveCfg = Debug|Any CPU
		{9DCAE1E2-6BA3-412A-9BEF-A5A57A6BD8DC}.Debug|Any CPU.Build.0 = Debug|Any CPU
		{9DCAE1E2-6BA3-412A-9BEF-A5A57A6BD8DC}.Debug|x64.ActiveCfg = Debug|Any CPU
		{9DCAE1E2-6BA3-412A-9BEF-A5A57A6BD8DC}.Debug|x64.Build.0 = Debug|Any CPU
		{9DCAE1E2-6BA3-412A-9BEF-A5A57A6BD8DC}.Debug|x86.ActiveCfg = Debug|Any CPU
		{9DCAE1E2-6BA3-412A-9BEF-A5A57A6BD8DC}.Debug|x86.Build.0 = Debug|Any CPU
		{9DCAE1E2-6BA3-412A-9BEF-A5A57A6BD8DC}.Release|Any CPU.ActiveCfg = Release|Any CPU
		{9DCAE1E2-6BA3-412A-9BEF-A5A57A6BD8DC}.Release|Any CPU.Build.0 = Release|Any CPU
		{9DCAE1E2-6BA3-412A-9BEF-A5A57A6BD8DC}.Release|x64.ActiveCfg = Release|Any CPU
		{9DCAE1E2-6BA3-412A-9BEF-A5A57A6BD8DC}.Release|x64.Build.0 = Release|Any CPU
		{9DCAE1E2-6BA3-412A-9BEF-A5A57A6BD8DC}.Release|x86.ActiveCfg = Release|Any CPU
		{9DCAE1E2-6BA3-412A-9BEF-A5A57A6BD8DC}.Release|x86.Build.0 = Release|Any CPU
		{E8201549-E688-4499-AB9E-357BC111C764}.Debug|Any CPU.ActiveCfg = Debug|Any CPU
		{E8201549-E688-4499-AB9E-357BC111C764}.Debug|Any CPU.Build.0 = Debug|Any CPU
		{E8201549-E688-4499-AB9E-357BC111C764}.Debug|x64.ActiveCfg = Debug|Any CPU
		{E8201549-E688-4499-AB9E-357BC111C764}.Debug|x64.Build.0 = Debug|Any CPU
		{E8201549-E688-4499-AB9E-357BC111C764}.Debug|x86.ActiveCfg = Debug|Any CPU
		{E8201549-E688-4499-AB9E-357BC111C764}.Debug|x86.Build.0 = Debug|Any CPU
		{E8201549-E688-4499-AB9E-357BC111C764}.Release|Any CPU.ActiveCfg = Release|Any CPU
		{E8201549-E688-4499-AB9E-357BC111C764}.Release|Any CPU.Build.0 = Release|Any CPU
		{E8201549-E688-4499-AB9E-357BC111C764}.Release|x64.ActiveCfg = Release|Any CPU
		{E8201549-E688-4499-AB9E-357BC111C764}.Release|x64.Build.0 = Release|Any CPU
		{E8201549-E688-4499-AB9E-357BC111C764}.Release|x86.ActiveCfg = Release|Any CPU
		{E8201549-E688-4499-AB9E-357BC111C764}.Release|x86.Build.0 = Release|Any CPU
		{8F6E81AA-F988-4778-AC53-9463C9EE52A5}.Debug|Any CPU.ActiveCfg = Debug|Any CPU
		{8F6E81AA-F988-4778-AC53-9463C9EE52A5}.Debug|Any CPU.Build.0 = Debug|Any CPU
		{8F6E81AA-F988-4778-AC53-9463C9EE52A5}.Debug|x64.ActiveCfg = Debug|Any CPU
		{8F6E81AA-F988-4778-AC53-9463C9EE52A5}.Debug|x64.Build.0 = Debug|Any CPU
		{8F6E81AA-F988-4778-AC53-9463C9EE52A5}.Debug|x86.ActiveCfg = Debug|Any CPU
		{8F6E81AA-F988-4778-AC53-9463C9EE52A5}.Debug|x86.Build.0 = Debug|Any CPU
		{8F6E81AA-F988-4778-AC53-9463C9EE52A5}.Release|Any CPU.ActiveCfg = Release|Any CPU
		{8F6E81AA-F988-4778-AC53-9463C9EE52A5}.Release|Any CPU.Build.0 = Release|Any CPU
		{8F6E81AA-F988-4778-AC53-9463C9EE52A5}.Release|x64.ActiveCfg = Release|Any CPU
		{8F6E81AA-F988-4778-AC53-9463C9EE52A5}.Release|x64.Build.0 = Release|Any CPU
		{8F6E81AA-F988-4778-AC53-9463C9EE52A5}.Release|x86.ActiveCfg = Release|Any CPU
		{8F6E81AA-F988-4778-AC53-9463C9EE52A5}.Release|x86.Build.0 = Release|Any CPU
		{B17917A7-F3C3-49C0-A444-AF5C62B54336}.Debug|Any CPU.ActiveCfg = Debug|Any CPU
		{B17917A7-F3C3-49C0-A444-AF5C62B54336}.Debug|Any CPU.Build.0 = Debug|Any CPU
		{B17917A7-F3C3-49C0-A444-AF5C62B54336}.Debug|x64.ActiveCfg = Debug|Any CPU
		{B17917A7-F3C3-49C0-A444-AF5C62B54336}.Debug|x64.Build.0 = Debug|Any CPU
		{B17917A7-F3C3-49C0-A444-AF5C62B54336}.Debug|x86.ActiveCfg = Debug|Any CPU
		{B17917A7-F3C3-49C0-A444-AF5C62B54336}.Debug|x86.Build.0 = Debug|Any CPU
		{B17917A7-F3C3-49C0-A444-AF5C62B54336}.Release|Any CPU.ActiveCfg = Release|Any CPU
		{B17917A7-F3C3-49C0-A444-AF5C62B54336}.Release|Any CPU.Build.0 = Release|Any CPU
		{B17917A7-F3C3-49C0-A444-AF5C62B54336}.Release|x64.ActiveCfg = Release|Any CPU
		{B17917A7-F3C3-49C0-A444-AF5C62B54336}.Release|x64.Build.0 = Release|Any CPU
		{B17917A7-F3C3-49C0-A444-AF5C62B54336}.Release|x86.ActiveCfg = Release|Any CPU
		{B17917A7-F3C3-49C0-A444-AF5C62B54336}.Release|x86.Build.0 = Release|Any CPU
	EndGlobalSection
	GlobalSection(SolutionProperties) = preSolution
		HideSolutionNode = FALSE
	EndGlobalSection
	GlobalSection(NestedProjects) = preSolution
		{2B6DACBB-99DF-48D9-8CD1-1ED5349FCA50} = {0C88DD14-F956-CE84-757C-A364CCF449FC}
		{03997797-E7F5-0643-168D-B8EA7178C2FE} = {827E0CD3-B72D-47B6-A68D-7590B98EB39B}
		{9DCAE1E2-6BA3-412A-9BEF-A5A57A6BD8DC} = {03997797-E7F5-0643-168D-B8EA7178C2FE}
		{22BAF98C-8415-17C4-B26A-D537657BC863} = {827E0CD3-B72D-47B6-A68D-7590B98EB39B}
		{E8201549-E688-4499-AB9E-357BC111C764} = {22BAF98C-8415-17C4-B26A-D537657BC863}
		{8B290487-4C16-E85E-E807-F579CBE9FC4D} = {827E0CD3-B72D-47B6-A68D-7590B98EB39B}
		{8F6E81AA-F988-4778-AC53-9463C9EE52A5} = {8B290487-4C16-E85E-E807-F579CBE9FC4D}
		{9048EB7F-3875-A59E-E36B-5BD4C6F2A282} = {827E0CD3-B72D-47B6-A68D-7590B98EB39B}
		{B17917A7-F3C3-49C0-A444-AF5C62B54336} = {9048EB7F-3875-A59E-E36B-5BD4C6F2A282}
	EndGlobalSection
EndGlobal
